
Microsoft Visual Studio Solution File, Format Version 12.00
# Visual Studio 15
VisualStudioVersion = 15.0.26403.0
MinimumVisualStudioVersion = 10.0.40219.1
Project("{FAE04EC0-301F-11D3-BF4B-00C04F79EFBC}") = "DemoSampleApp.Android", "DemoSampleApp\DemoSampleApp.Android\DemoSampleApp.Android.csproj", "{88946D45-5578-470A-8E03-1DD726535251}"
EndProject
Project("{FAE04EC0-301F-11D3-BF4B-00C04F79EFBC}") = "DemoSampleApp", "DemoSampleApp\DemoSampleApp\DemoSampleApp.csproj", "{51D1117B-0BC7-4449-9B1C-6AFA292747FE}"
EndProject
Project("{FAE04EC0-301F-11D3-BF4B-00C04F79EFBC}") = "DemoSampleApp.iOS", "DemoSampleApp\DemoSampleApp.iOS\DemoSampleApp.iOS.csproj", "{369CD045-F51E-450C-AFC8-723489858F7D}"
EndProject
Global
	GlobalSection(SolutionConfigurationPlatforms) = preSolution
		Ad-Hoc|Any CPU = Ad-Hoc|Any CPU
		Ad-Hoc|iPhone = Ad-Hoc|iPhone
		Ad-Hoc|iPhoneSimulator = Ad-Hoc|iPhoneSimulator
		AppStore|Any CPU = AppStore|Any CPU
		AppStore|iPhone = AppStore|iPhone
		AppStore|iPhoneSimulator = AppStore|iPhoneSimulator
		Debug|Any CPU = Debug|Any CPU
		Debug|iPhone = Debug|iPhone
		Debug|iPhoneSimulator = Debug|iPhoneSimulator
		Release|Any CPU = Release|Any CPU
		Release|iPhone = Release|iPhone
		Release|iPhoneSimulator = Release|iPhoneSimulator
	EndGlobalSection
	GlobalSection(ProjectConfigurationPlatforms) = postSolution
		{88946D45-5578-470A-8E03-1DD726535251}.Ad-Hoc|Any CPU.ActiveCfg = Release|Any CPU
		{88946D45-5578-470A-8E03-1DD726535251}.Ad-Hoc|Any CPU.Build.0 = Release|Any CPU
		{88946D45-5578-470A-8E03-1DD726535251}.Ad-Hoc|Any CPU.Deploy.0 = Release|Any CPU
		{88946D45-5578-470A-8E03-1DD726535251}.Ad-Hoc|iPhone.ActiveCfg = Release|Any CPU
		{88946D45-5578-470A-8E03-1DD726535251}.Ad-Hoc|iPhone.Build.0 = Release|Any CPU
		{88946D45-5578-470A-8E03-1DD726535251}.Ad-Hoc|iPhone.Deploy.0 = Release|Any CPU
		{88946D45-5578-470A-8E03-1DD726535251}.Ad-Hoc|iPhoneSimulator.ActiveCfg = Release|Any CPU
		{88946D45-5578-470A-8E03-1DD726535251}.Ad-Hoc|iPhoneSimulator.Build.0 = Release|Any CPU
		{88946D45-5578-470A-8E03-1DD726535251}.Ad-Hoc|iPhoneSimulator.Deploy.0 = Release|Any CPU
		{88946D45-5578-470A-8E03-1DD726535251}.AppStore|Any CPU.ActiveCfg = Release|Any CPU
		{88946D45-5578-470A-8E03-1DD726535251}.AppStore|Any CPU.Build.0 = Release|Any CPU
		{88946D45-5578-470A-8E03-1DD726535251}.AppStore|Any CPU.Deploy.0 = Release|Any CPU
		{88946D45-5578-470A-8E03-1DD726535251}.AppStore|iPhone.ActiveCfg = Release|Any CPU
		{88946D45-5578-470A-8E03-1DD726535251}.AppStore|iPhone.Build.0 = Release|Any CPU
		{88946D45-5578-470A-8E03-1DD726535251}.AppStore|iPhone.Deploy.0 = Release|Any CPU
		{88946D45-5578-470A-8E03-1DD726535251}.AppStore|iPhoneSimulator.ActiveCfg = Release|Any CPU
		{88946D45-5578-470A-8E03-1DD726535251}.AppStore|iPhoneSimulator.Build.0 = Release|Any CPU
		{88946D45-5578-470A-8E03-1DD726535251}.AppStore|iPhoneSimulator.Deploy.0 = Release|Any CPU
		{88946D45-5578-470A-8E03-1DD726535251}.Debug|Any CPU.ActiveCfg = Debug|Any CPU
		{88946D45-5578-470A-8E03-1DD726535251}.Debug|Any CPU.Build.0 = Debug|Any CPU
		{88946D45-5578-470A-8E03-1DD726535251}.Debug|Any CPU.Deploy.0 = Debug|Any CPU
		{88946D45-5578-470A-8E03-1DD726535251}.Debug|iPhone.ActiveCfg = Debug|Any CPU
		{88946D45-5578-470A-8E03-1DD726535251}.Debug|iPhone.Build.0 = Debug|Any CPU
		{88946D45-5578-470A-8E03-1DD726535251}.Debug|iPhone.Deploy.0 = Debug|Any CPU
		{88946D45-5578-470A-8E03-1DD726535251}.Debug|iPhoneSimulator.ActiveCfg = Debug|Any CPU
		{88946D45-5578-470A-8E03-1DD726535251}.Debug|iPhoneSimulator.Build.0 = Debug|Any CPU
		{88946D45-5578-470A-8E03-1DD726535251}.Debug|iPhoneSimulator.Deploy.0 = Debug|Any CPU
		{88946D45-5578-470A-8E03-1DD726535251}.Release|Any CPU.ActiveCfg = Release|Any CPU
		{88946D45-5578-470A-8E03-1DD726535251}.Release|Any CPU.Build.0 = Release|Any CPU
		{88946D45-5578-470A-8E03-1DD726535251}.Release|Any CPU.Deploy.0 = Release|Any CPU
		{88946D45-5578-470A-8E03-1DD726535251}.Release|iPhone.ActiveCfg = Release|Any CPU
		{88946D45-5578-470A-8E03-1DD726535251}.Release|iPhone.Build.0 = Release|Any CPU
		{88946D45-5578-470A-8E03-1DD726535251}.Release|iPhone.Deploy.0 = Release|Any CPU
		{88946D45-5578-470A-8E03-1DD726535251}.Release|iPhoneSimulator.ActiveCfg = Release|Any CPU
		{88946D45-5578-470A-8E03-1DD726535251}.Release|iPhoneSimulator.Build.0 = Release|Any CPU
		{88946D45-5578-470A-8E03-1DD726535251}.Release|iPhoneSimulator.Deploy.0 = Release|Any CPU
		{51D1117B-0BC7-4449-9B1C-6AFA292747FE}.Ad-Hoc|Any CPU.ActiveCfg = Release|Any CPU
		{51D1117B-0BC7-4449-9B1C-6AFA292747FE}.Ad-Hoc|Any CPU.Build.0 = Release|Any CPU
		{51D1117B-0BC7-4449-9B1C-6AFA292747FE}.Ad-Hoc|iPhone.ActiveCfg = Release|Any CPU
		{51D1117B-0BC7-4449-9B1C-6AFA292747FE}.Ad-Hoc|iPhone.Build.0 = Release|Any CPU
		{51D1117B-0BC7-4449-9B1C-6AFA292747FE}.Ad-Hoc|iPhoneSimulator.ActiveCfg = Release|Any CPU
		{51D1117B-0BC7-4449-9B1C-6AFA292747FE}.Ad-Hoc|iPhoneSimulator.Build.0 = Release|Any CPU
		{51D1117B-0BC7-4449-9B1C-6AFA292747FE}.AppStore|Any CPU.ActiveCfg = Release|Any CPU
		{51D1117B-0BC7-4449-9B1C-6AFA292747FE}.AppStore|Any CPU.Build.0 = Release|Any CPU
		{51D1117B-0BC7-4449-9B1C-6AFA292747FE}.AppStore|iPhone.ActiveCfg = Release|Any CPU
		{51D1117B-0BC7-4449-9B1C-6AFA292747FE}.AppStore|iPhone.Build.0 = Release|Any CPU
		{51D1117B-0BC7-4449-9B1C-6AFA292747FE}.AppStore|iPhoneSimulator.ActiveCfg = Release|Any CPU
		{51D1117B-0BC7-4449-9B1C-6AFA292747FE}.AppStore|iPhoneSimulator.Build.0 = Release|Any CPU
		{51D1117B-0BC7-4449-9B1C-6AFA292747FE}.Debug|Any CPU.ActiveCfg = Debug|Any CPU
		{51D1117B-0BC7-4449-9B1C-6AFA292747FE}.Debug|Any CPU.Build.0 = Debug|Any CPU
		{51D1117B-0BC7-4449-9B1C-6AFA292747FE}.Debug|iPhone.ActiveCfg = Debug|Any CPU
		{51D1117B-0BC7-4449-9B1C-6AFA292747FE}.Debug|iPhone.Build.0 = Debug|Any CPU
		{51D1117B-0BC7-4449-9B1C-6AFA292747FE}.Debug|iPhoneSimulator.ActiveCfg = Debug|Any CPU
		{51D1117B-0BC7-4449-9B1C-6AFA292747FE}.Debug|iPhoneSimulator.Build.0 = Debug|Any CPU
		{51D1117B-0BC7-4449-9B1C-6AFA292747FE}.Release|Any CPU.ActiveCfg = Release|Any CPU
		{51D1117B-0BC7-4449-9B1C-6AFA292747FE}.Release|Any CPU.Build.0 = Release|Any CPU
		{51D1117B-0BC7-4449-9B1C-6AFA292747FE}.Release|iPhone.ActiveCfg = Release|Any CPU
		{51D1117B-0BC7-4449-9B1C-6AFA292747FE}.Release|iPhone.Build.0 = Release|Any CPU
		{51D1117B-0BC7-4449-9B1C-6AFA292747FE}.Release|iPhoneSimulator.ActiveCfg = Release|Any CPU
		{51D1117B-0BC7-4449-9B1C-6AFA292747FE}.Release|iPhoneSimulator.Build.0 = Release|Any CPU
		{369CD045-F51E-450C-AFC8-723489858F7D}.Ad-Hoc|Any CPU.ActiveCfg = Ad-Hoc|iPhone
		{369CD045-F51E-450C-AFC8-723489858F7D}.Ad-Hoc|iPhone.ActiveCfg = Ad-Hoc|iPhone
		{369CD045-F51E-450C-AFC8-723489858F7D}.Ad-Hoc|iPhone.Build.0 = Ad-Hoc|iPhone
		{369CD045-F51E-450C-AFC8-723489858F7D}.Ad-Hoc|iPhoneSimulator.ActiveCfg = Ad-Hoc|iPhoneSimulator
		{369CD045-F51E-450C-AFC8-723489858F7D}.Ad-Hoc|iPhoneSimulator.Build.0 = Ad-Hoc|iPhoneSimulator
		{369CD045-F51E-450C-AFC8-723489858F7D}.AppStore|Any CPU.ActiveCfg = AppStore|iPhone
		{369CD045-F51E-450C-AFC8-723489858F7D}.AppStore|iPhone.ActiveCfg = AppStore|iPhone
		{369CD045-F51E-450C-AFC8-723489858F7D}.AppStore|iPhone.Build.0 = AppStore|iPhone
		{369CD045-F51E-450C-AFC8-723489858F7D}.AppStore|iPhoneSimulator.ActiveCfg = AppStore|iPhoneSimulator
		{369CD045-F51E-450C-AFC8-723489858F7D}.AppStore|iPhoneSimulator.Build.0 = AppStore|iPhoneSimulator
		{369CD045-F51E-450C-AFC8-723489858F7D}.Debug|Any CPU.ActiveCfg = Debug|iPhone
		{369CD045-F51E-450C-AFC8-723489858F7D}.Debug|iPhone.ActiveCfg = Debug|iPhone
		{369CD045-F51E-450C-AFC8-723489858F7D}.Debug|iPhone.Build.0 = Debug|iPhone
		{369CD045-F51E-450C-AFC8-723489858F7D}.Debug|iPhoneSimulator.ActiveCfg = Debug|iPhoneSimulator
		{369CD045-F51E-450C-AFC8-723489858F7D}.Debug|iPhoneSimulator.Build.0 = Debug|iPhoneSimulator
		{369CD045-F51E-450C-AFC8-723489858F7D}.Release|Any CPU.ActiveCfg = Release|iPhone
		{369CD045-F51E-450C-AFC8-723489858F7D}.Release|iPhone.ActiveCfg = Release|iPhone
		{369CD045-F51E-450C-AFC8-723489858F7D}.Release|iPhone.Build.0 = Release|iPhone
		{369CD045-F51E-450C-AFC8-723489858F7D}.Release|iPhoneSimulator.ActiveCfg = Release|iPhoneSimulator
		{369CD045-F51E-450C-AFC8-723489858F7D}.Release|iPhoneSimulator.Build.0 = Release|iPhoneSimulator
	EndGlobalSection
	GlobalSection(SolutionProperties) = preSolution
		HideSolutionNode = FALSE
	EndGlobalSection
EndGlobal
